
Microsoft Visual Studio Solution File, Format Version 12.00
# Visual Studio 14
VisualStudioVersion = 14.0.25420.1
MinimumVisualStudioVersion = 10.0.40219.1
Project("{159641D6-6404-4A2A-AE62-294DE0FE8301}") = "SSIS_ConvertDbExcel", "SSIS_ConvertDbExcel\SSIS_ConvertDbExcel.dtproj", "{1523B0D1-AC33-478F-BA46-F5E72926D89A}"
EndProject
Global
	GlobalSection(SolutionConfigurationPlatforms) = preSolution
		Development|Default = Development|Default
	EndGlobalSection
	GlobalSection(ProjectConfigurationPlatforms) = postSolution
		{1523B0D1-AC33-478F-BA46-F5E72926D89A}.Development|Default.ActiveCfg = Development
		{1523B0D1-AC33-478F-BA46-F5E72926D89A}.Development|Default.Build.0 = Development
	EndGlobalSection
	GlobalSection(SolutionProperties) = preSolution
		HideSolutionNode = FALSE
	EndGlobalSection
EndGlobal
